
Microsoft Visual Studio Solution File, Format Version 12.00
# Visual Studio Version 17
VisualStudioVersion = 17.10.34928.147
MinimumVisualStudioVersion = 10.0.40219.1
Project("{8BC9CEB8-8B4A-11D0-8D11-00A0C91BC942}") = "Project1", "Project1\Project1.vcxproj", "{C7BC9D53-3263-4282-A336-ADEE99FB7C4D}"
EndProject
Project("{8BC9CEB8-8B4A-11D0-8D11-00A0C91BC942}") = "Project2", "Project2\Project2.vcxproj", "{6A0C58E6-9F5E-4A07-84A2-93E15E3B3A61}"
EndProject
Project("{8BC9CEB8-8B4A-11D0-8D11-00A0C91BC942}") = "unit_test", "unit_test\unit_test.vcxproj", "{00AA60C1-F75F-4181-9D41-FC6C4D9587BC}"
EndProject
Project("{8BC9CEB8-8B4A-11D0-8D11-00A0C91BC942}") = "Project3", "Project3\Project3.vcxproj", "{50F7DEC7-1D71-4883-9140-E583222C2836}"
EndProject
Project("{8BC9CEB8-8B4A-11D0-8D11-00A0C91BC942}") = "Project4", "Project4\Project4.vcxproj", "{F4FAE1EE-0BED-43F3-A1BC-1DC57CB35D1C}"
EndProject
Project("{8BC9CEB8-8B4A-11D0-8D11-00A0C91BC942}") = "ALUKATA", "ALUKATA\ALUKATA.vcxproj", "{A6A06355-373E-40D9-960F-E91B1FC51402}"
EndProject
Project("{8BC9CEB8-8B4A-11D0-8D11-00A0C91BC942}") = "WheelCode", "WheelCode\WheelCode.vcxproj", "{16219C69-2F14-4945-91EE-71D89AB92A36}"
EndProject
Project("{8BC9CEB8-8B4A-11D0-8D11-00A0C91BC942}") = "GildedRose", "GildedRose\GildedRose.vcxproj", "{DB2211D7-619C-40C9-9D07-6BC6E0145E90}"
EndProject
Project("{8BC9CEB8-8B4A-11D0-8D11-00A0C91BC942}") = "Vehicle", "Vehicle\Vehicle.vcxproj", "{CA067F76-6CDC-4E0F-B78D-D961DA650A90}"
EndProject
Project("{8BC9CEB8-8B4A-11D0-8D11-00A0C91BC942}") = "VideoRental", "VideoRental\VideoRental.vcxproj", "{752C14B1-863E-41C6-B283-B79FCB8293FC}"
EndProject
Project("{8BC9CEB8-8B4A-11D0-8D11-00A0C91BC942}") = "factory", "factory\factory.vcxproj", "{5E496162-AF59-4842-8E0B-2BC1DC620713}"
EndProject
Project("{8BC9CEB8-8B4A-11D0-8D11-00A0C91BC942}") = "Singleton", "Singleton\Singleton.vcxproj", "{25B50B31-69F5-4D66-B84F-C1018A145B6E}"
EndProject
Global
	GlobalSection(SolutionConfigurationPlatforms) = preSolution
		Debug|x64 = Debug|x64
		Debug|x86 = Debug|x86
		Release|x64 = Release|x64
		Release|x86 = Release|x86
	EndGlobalSection
	GlobalSection(ProjectConfigurationPlatforms) = postSolution
		{C7BC9D53-3263-4282-A336-ADEE99FB7C4D}.Debug|x64.ActiveCfg = Debug|x64
		{C7BC9D53-3263-4282-A336-ADEE99FB7C4D}.Debug|x64.Build.0 = Debug|x64
		{C7BC9D53-3263-4282-A336-ADEE99FB7C4D}.Debug|x86.ActiveCfg = Debug|Win32
		{C7BC9D53-3263-4282-A336-ADEE99FB7C4D}.Debug|x86.Build.0 = Debug|Win32
		{C7BC9D53-3263-4282-A336-ADEE99FB7C4D}.Release|x64.ActiveCfg = Release|x64
		{C7BC9D53-3263-4282-A336-ADEE99FB7C4D}.Release|x64.Build.0 = Release|x64
		{C7BC9D53-3263-4282-A336-ADEE99FB7C4D}.Release|x86.ActiveCfg = Release|Win32
		{C7BC9D53-3263-4282-A336-ADEE99FB7C4D}.Release|x86.Build.0 = Release|Win32
		{6A0C58E6-9F5E-4A07-84A2-93E15E3B3A61}.Debug|x64.ActiveCfg = Debug|x64
		{6A0C58E6-9F5E-4A07-84A2-93E15E3B3A61}.Debug|x64.Build.0 = Debug|x64
		{6A0C58E6-9F5E-4A07-84A2-93E15E3B3A61}.Debug|x86.ActiveCfg = Debug|Win32
		{6A0C58E6-9F5E-4A07-84A2-93E15E3B3A61}.Debug|x86.Build.0 = Debug|Win32
		{6A0C58E6-9F5E-4A07-84A2-93E15E3B3A61}.Release|x64.ActiveCfg = Release|x64
		{6A0C58E6-9F5E-4A07-84A2-93E15E3B3A61}.Release|x64.Build.0 = Release|x64
		{6A0C58E6-9F5E-4A07-84A2-93E15E3B3A61}.Release|x86.ActiveCfg = Release|Win32
		{6A0C58E6-9F5E-4A07-84A2-93E15E3B3A61}.Release|x86.Build.0 = Release|Win32
		{00AA60C1-F75F-4181-9D41-FC6C4D9587BC}.Debug|x64.ActiveCfg = Debug|x64
		{00AA60C1-F75F-4181-9D41-FC6C4D9587BC}.Debug|x64.Build.0 = Debug|x64
		{00AA60C1-F75F-4181-9D41-FC6C4D9587BC}.Debug|x86.ActiveCfg = Debug|Win32
		{00AA60C1-F75F-4181-9D41-FC6C4D9587BC}.Debug|x86.Build.0 = Debug|Win32
		{00AA60C1-F75F-4181-9D41-FC6C4D9587BC}.Release|x64.ActiveCfg = Release|x64
		{00AA60C1-F75F-4181-9D41-FC6C4D9587BC}.Release|x64.Build.0 = Release|x64
		{00AA60C1-F75F-4181-9D41-FC6C4D9587BC}.Release|x86.ActiveCfg = Release|Win32
		{00AA60C1-F75F-4181-9D41-FC6C4D9587BC}.Release|x86.Build.0 = Release|Win32
		{50F7DEC7-1D71-4883-9140-E583222C2836}.Debug|x64.ActiveCfg = Debug|x64
		{50F7DEC7-1D71-4883-9140-E583222C2836}.Debug|x64.Build.0 = Debug|x64
		{50F7DEC7-1D71-4883-9140-E583222C2836}.Debug|x86.ActiveCfg = Debug|Win32
		{50F7DEC7-1D71-4883-9140-E583222C2836}.Debug|x86.Build.0 = Debug|Win32
		{50F7DEC7-1D71-4883-9140-E583222C2836}.Release|x64.ActiveCfg = Release|x64
		{50F7DEC7-1D71-4883-9140-E583222C2836}.Release|x64.Build.0 = Release|x64
		{50F7DEC7-1D71-4883-9140-E583222C2836}.Release|x86.ActiveCfg = Release|Win32
		{50F7DEC7-1D71-4883-9140-E583222C2836}.Release|x86.Build.0 = Release|Win32
		{F4FAE1EE-0BED-43F3-A1BC-1DC57CB35D1C}.Debug|x64.ActiveCfg = Debug|x64
		{F4FAE1EE-0BED-43F3-A1BC-1DC57CB35D1C}.Debug|x64.Build.0 = Debug|x64
		{F4FAE1EE-0BED-43F3-A1BC-1DC57CB35D1C}.Debug|x86.ActiveCfg = Debug|Win32
		{F4FAE1EE-0BED-43F3-A1BC-1DC57CB35D1C}.Debug|x86.Build.0 = Debug|Win32
		{F4FAE1EE-0BED-43F3-A1BC-1DC57CB35D1C}.Release|x64.ActiveCfg = Release|x64
		{F4FAE1EE-0BED-43F3-A1BC-1DC57CB35D1C}.Release|x64.Build.0 = Release|x64
		{F4FAE1EE-0BED-43F3-A1BC-1DC57CB35D1C}.Release|x86.ActiveCfg = Release|Win32
		{F4FAE1EE-0BED-43F3-A1BC-1DC57CB35D1C}.Release|x86.Build.0 = Release|Win32
		{A6A06355-373E-40D9-960F-E91B1FC51402}.Debug|x64.ActiveCfg = Debug|x64
		{A6A06355-373E-40D9-960F-E91B1FC51402}.Debug|x64.Build.0 = Debug|x64
		{A6A06355-373E-40D9-960F-E91B1FC51402}.Debug|x86.ActiveCfg = Debug|Win32
		{A6A06355-373E-40D9-960F-E91B1FC51402}.Debug|x86.Build.0 = Debug|Win32
		{A6A06355-373E-40D9-960F-E91B1FC51402}.Release|x64.ActiveCfg = Release|x64
		{A6A06355-373E-40D9-960F-E91B1FC51402}.Release|x64.Build.0 = Release|x64
		{A6A06355-373E-40D9-960F-E91B1FC51402}.Release|x86.ActiveCfg = Release|Win32
		{A6A06355-373E-40D9-960F-E91B1FC51402}.Release|x86.Build.0 = Release|Win32
		{16219C69-2F14-4945-91EE-71D89AB92A36}.Debug|x64.ActiveCfg = Debug|x64
		{16219C69-2F14-4945-91EE-71D89AB92A36}.Debug|x64.Build.0 = Debug|x64
		{16219C69-2F14-4945-91EE-71D89AB92A36}.Debug|x86.ActiveCfg = Debug|Win32
		{16219C69-2F14-4945-91EE-71D89AB92A36}.Debug|x86.Build.0 = Debug|Win32
		{16219C69-2F14-4945-91EE-71D89AB92A36}.Release|x64.ActiveCfg = Release|x64
		{16219C69-2F14-4945-91EE-71D89AB92A36}.Release|x64.Build.0 = Release|x64
		{16219C69-2F14-4945-91EE-71D89AB92A36}.Release|x86.ActiveCfg = Release|Win32
		{16219C69-2F14-4945-91EE-71D89AB92A36}.Release|x86.Build.0 = Release|Win32
		{DB2211D7-619C-40C9-9D07-6BC6E0145E90}.Debug|x64.ActiveCfg = Debug|x64
		{DB2211D7-619C-40C9-9D07-6BC6E0145E90}.Debug|x64.Build.0 = Debug|x64
		{DB2211D7-619C-40C9-9D07-6BC6E0145E90}.Debug|x86.ActiveCfg = Debug|Win32
		{DB2211D7-619C-40C9-9D07-6BC6E0145E90}.Debug|x86.Build.0 = Debug|Win32
		{DB2211D7-619C-40C9-9D07-6BC6E0145E90}.Release|x64.ActiveCfg = Release|x64
		{DB2211D7-619C-40C9-9D07-6BC6E0145E90}.Release|x64.Build.0 = Release|x64
		{DB2211D7-619C-40C9-9D07-6BC6E0145E90}.Release|x86.ActiveCfg = Release|Win32
		{DB2211D7-619C-40C9-9D07-6BC6E0145E90}.Release|x86.Build.0 = Release|Win32
		{CA067F76-6CDC-4E0F-B78D-D961DA650A90}.Debug|x64.ActiveCfg = Debug|x64
		{CA067F76-6CDC-4E0F-B78D-D961DA650A90}.Debug|x64.Build.0 = Debug|x64
		{CA067F76-6CDC-4E0F-B78D-D961DA650A90}.Debug|x86.ActiveCfg = Debug|Win32
		{CA067F76-6CDC-4E0F-B78D-D961DA650A90}.Debug|x86.Build.0 = Debug|Win32
		{CA067F76-6CDC-4E0F-B78D-D961DA650A90}.Release|x64.ActiveCfg = Release|x64
		{CA067F76-6CDC-4E0F-B78D-D961DA650A90}.Release|x64.Build.0 = Release|x64
		{CA067F76-6CDC-4E0F-B78D-D961DA650A90}.Release|x86.ActiveCfg = Release|Win32
		{CA067F76-6CDC-4E0F-B78D-D961DA650A90}.Release|x86.Build.0 = Release|Win32
		{752C14B1-863E-41C6-B283-B79FCB8293FC}.Debug|x64.ActiveCfg = Debug|x64
		{752C14B1-863E-41C6-B283-B79FCB8293FC}.Debug|x64.Build.0 = Debug|x64
		{752C14B1-863E-41C6-B283-B79FCB8293FC}.Debug|x86.ActiveCfg = Debug|Win32
		{752C14B1-863E-41C6-B283-B79FCB8293FC}.Debug|x86.Build.0 = Debug|Win32
		{752C14B1-863E-41C6-B283-B79FCB8293FC}.Release|x64.ActiveCfg = Release|x64
		{752C14B1-863E-41C6-B283-B79FCB8293FC}.Release|x64.Build.0 = Release|x64
		{752C14B1-863E-41C6-B283-B79FCB8293FC}.Release|x86.ActiveCfg = Release|Win32
		{752C14B1-863E-41C6-B283-B79FCB8293FC}.Release|x86.Build.0 = Release|Win32
		{5E496162-AF59-4842-8E0B-2BC1DC620713}.Debug|x64.ActiveCfg = Debug|x64
		{5E496162-AF59-4842-8E0B-2BC1DC620713}.Debug|x64.Build.0 = Debug|x64
		{5E496162-AF59-4842-8E0B-2BC1DC620713}.Debug|x86.ActiveCfg = Debug|Win32
		{5E496162-AF59-4842-8E0B-2BC1DC620713}.Debug|x86.Build.0 = Debug|Win32
		{5E496162-AF59-4842-8E0B-2BC1DC620713}.Release|x64.ActiveCfg = Release|x64
		{5E496162-AF59-4842-8E0B-2BC1DC620713}.Release|x64.Build.0 = Release|x64
		{5E496162-AF59-4842-8E0B-2BC1DC620713}.Release|x86.ActiveCfg = Release|Win32
		{5E496162-AF59-4842-8E0B-2BC1DC620713}.Release|x86.Build.0 = Release|Win32
		{25B50B31-69F5-4D66-B84F-C1018A145B6E}.Debug|x64.ActiveCfg = Debug|x64
		{25B50B31-69F5-4D66-B84F-C1018A145B6E}.Debug|x64.Build.0 = Debug|x64
		{25B50B31-69F5-4D66-B84F-C1018A145B6E}.Debug|x86.ActiveCfg = Debug|Win32
		{25B50B31-69F5-4D66-B84F-C1018A145B6E}.Debug|x86.Build.0 = Debug|Win32
		{25B50B31-69F5-4D66-B84F-C1018A145B6E}.Release|x64.ActiveCfg = Release|x64
		{25B50B31-69F5-4D66-B84F-C1018A145B6E}.Release|x64.Build.0 = Release|x64
		{25B50B31-69F5-4D66-B84F-C1018A145B6E}.Release|x86.ActiveCfg = Release|Win32
		{25B50B31-69F5-4D66-B84F-C1018A145B6E}.Release|x86.Build.0 = Release|Win32
	EndGlobalSection
	GlobalSection(SolutionProperties) = preSolution
		HideSolutionNode = FALSE
	EndGlobalSection
	GlobalSection(ExtensibilityGlobals) = postSolution
		SolutionGuid = {98BC557E-EE35-4195-8CD5-58D4683C02A8}
	EndGlobalSection
EndGlobal
